Microsoft Visual Studio Solution File, Format Version 12.00
# Visual Studio Version 17
VisualStudioVersion = 17.5.2.0
MinimumVisualStudioVersion = 10.0.40219.1
Project("{2150E333-8FDC-42A3-9474-1A3956D46DE8}") = "test", "test", "{0C88DD14-F956-CE84-757C-A364CCF449FC}"
EndProject
Project("{2150E333-8FDC-42A3-9474-1A3956D46DE8}") = "src", "src", "{827E0CD3-B72D-47B6-A68D-7590B98EB39B}"
EndProject
Project("{FAE04EC0-301F-11D3-BF4B-00C04F79EFBC}") = "ApiConsumeItem", "src\ApiConsumeItem\ApiConsumeItem.csproj", "{75FBED67-6799-428E-B831-2CDC8FF61482}"
EndProject
Project("{FAE04EC0-301F-11D3-BF4B-00C04F79EFBC}") = "AddItemFunction", "src\AddItemFunction\AddItemFunction.csproj", "{6BDAA634-F0BA-4292-A7C4-C3F2C0402253}"
EndProject
Project("{FAE04EC0-301F-11D3-BF4B-00C04F79EFBC}") = "UpdateStockFunction", "src\UpdateStockFunction\UpdateStockFunction.csproj", "{C2D05EB9-D21A-407E-8C9C-4B1C7DA6748D}"
EndProject
Project("{FAE04EC0-301F-11D3-BF4B-00C04F79EFBC}") = "DeleteGroceryListItemFunction", "src\DeleteGroceryListItemFunction\DeleteGroceryListItemFunction.csproj", "{A657FE31-8AA9-4E32-86D8-ABA2D61C8793}"
EndProject
Project("{FAE04EC0-301F-11D3-BF4B-00C04F79EFBC}") = "GetGroceryListFunction", "src\GetGroceryListFunction\GetGroceryListFunction.csproj", "{86817072-5E13-4BC6-96F8-6143EF5CFB45}"
EndProject
Project("{FAE04EC0-301F-11D3-BF4B-00C04F79EFBC}") = "GetPantryItemsFunction", "src\GetPantryItemsFunction\GetPantryItemsFunction.csproj", "{6862064B-40F2-45E6-911F-4225AF0FB37C}"
EndProject
Project("{FAE04EC0-301F-11D3-BF4B-00C04F79EFBC}") = "PantryItemsStreamHandler", "src\PantryItemsStreamHandler\PantryItemsStreamHandler.csproj", "{AEC3C58A-9E06-4F02-96CE-56AB010F5E85}"
EndProject
Global
	GlobalSection(SolutionConfigurationPlatforms) = preSolution
		Debug|Any CPU = Debug|Any CPU
		Release|Any CPU = Release|Any CPU
	EndGlobalSection
	GlobalSection(ProjectConfigurationPlatforms) = postSolution
		{BC0FCD6E-F052-CE05-5387-D81A4259BDEC}.Debug|Any CPU.ActiveCfg = Debug|Any CPU
		{BC0FCD6E-F052-CE05-5387-D81A4259BDEC}.Debug|Any CPU.Build.0 = Debug|Any CPU
		{BC0FCD6E-F052-CE05-5387-D81A4259BDEC}.Release|Any CPU.ActiveCfg = Release|Any CPU
		{BC0FCD6E-F052-CE05-5387-D81A4259BDEC}.Release|Any CPU.Build.0 = Release|Any CPU
		{9E6695AE-16E7-E22D-44EA-F19D6C6DAF09}.Debug|Any CPU.ActiveCfg = Debug|Any CPU
		{9E6695AE-16E7-E22D-44EA-F19D6C6DAF09}.Debug|Any CPU.Build.0 = Debug|Any CPU
		{9E6695AE-16E7-E22D-44EA-F19D6C6DAF09}.Release|Any CPU.ActiveCfg = Release|Any CPU
		{9E6695AE-16E7-E22D-44EA-F19D6C6DAF09}.Release|Any CPU.Build.0 = Release|Any CPU
		{75FBED67-6799-428E-B831-2CDC8FF61482}.Debug|Any CPU.ActiveCfg = Debug|Any CPU
		{75FBED67-6799-428E-B831-2CDC8FF61482}.Debug|Any CPU.Build.0 = Debug|Any CPU
		{75FBED67-6799-428E-B831-2CDC8FF61482}.Release|Any CPU.ActiveCfg = Release|Any CPU
		{75FBED67-6799-428E-B831-2CDC8FF61482}.Release|Any CPU.Build.0 = Release|Any CPU
		{6BDAA634-F0BA-4292-A7C4-C3F2C0402253}.Debug|Any CPU.ActiveCfg = Debug|Any CPU
		{6BDAA634-F0BA-4292-A7C4-C3F2C0402253}.Debug|Any CPU.Build.0 = Debug|Any CPU
		{6BDAA634-F0BA-4292-A7C4-C3F2C0402253}.Release|Any CPU.ActiveCfg = Release|Any CPU
		{6BDAA634-F0BA-4292-A7C4-C3F2C0402253}.Release|Any CPU.Build.0 = Release|Any CPU
		{C2D05EB9-D21A-407E-8C9C-4B1C7DA6748D}.Debug|Any CPU.ActiveCfg = Debug|Any CPU
		{C2D05EB9-D21A-407E-8C9C-4B1C7DA6748D}.Debug|Any CPU.Build.0 = Debug|Any CPU
		{C2D05EB9-D21A-407E-8C9C-4B1C7DA6748D}.Release|Any CPU.ActiveCfg = Release|Any CPU
		{C2D05EB9-D21A-407E-8C9C-4B1C7DA6748D}.Release|Any CPU.Build.0 = Release|Any CPU
		{A657FE31-8AA9-4E32-86D8-ABA2D61C8793}.Debug|Any CPU.ActiveCfg = Debug|Any CPU
		{A657FE31-8AA9-4E32-86D8-ABA2D61C8793}.Debug|Any CPU.Build.0 = Debug|Any CPU
		{A657FE31-8AA9-4E32-86D8-ABA2D61C8793}.Release|Any CPU.ActiveCfg = Release|Any CPU
		{A657FE31-8AA9-4E32-86D8-ABA2D61C8793}.Release|Any CPU.Build.0 = Release|Any CPU
		{86817072-5E13-4BC6-96F8-6143EF5CFB45}.Debug|Any CPU.ActiveCfg = Debug|Any CPU
		{86817072-5E13-4BC6-96F8-6143EF5CFB45}.Debug|Any CPU.Build.0 = Debug|Any CPU
		{86817072-5E13-4BC6-96F8-6143EF5CFB45}.Release|Any CPU.ActiveCfg = Release|Any CPU
		{86817072-5E13-4BC6-96F8-6143EF5CFB45}.Release|Any CPU.Build.0 = Release|Any CPU
		{6862064B-40F2-45E6-911F-4225AF0FB37C}.Debug|Any CPU.ActiveCfg = Debug|Any CPU
		{6862064B-40F2-45E6-911F-4225AF0FB37C}.Debug|Any CPU.Build.0 = Debug|Any CPU
		{6862064B-40F2-45E6-911F-4225AF0FB37C}.Release|Any CPU.ActiveCfg = Release|Any CPU
		{6862064B-40F2-45E6-911F-4225AF0FB37C}.Release|Any CPU.Build.0 = Release|Any CPU
		{AEC3C58A-9E06-4F02-96CE-56AB010F5E85}.Debug|Any CPU.ActiveCfg = Debug|Any CPU
		{AEC3C58A-9E06-4F02-96CE-56AB010F5E85}.Debug|Any CPU.Build.0 = Debug|Any CPU
		{AEC3C58A-9E06-4F02-96CE-56AB010F5E85}.Release|Any CPU.ActiveCfg = Release|Any CPU
		{AEC3C58A-9E06-4F02-96CE-56AB010F5E85}.Release|Any CPU.Build.0 = Release|Any CPU
	EndGlobalSection
	GlobalSection(SolutionProperties) = preSolution
		HideSolutionNode = FALSE
	EndGlobalSection
	GlobalSection(NestedProjects) = preSolution
		{75FBED67-6799-428E-B831-2CDC8FF61482} = {827E0CD3-B72D-47B6-A68D-7590B98EB39B}
		{6BDAA634-F0BA-4292-A7C4-C3F2C0402253} = {827E0CD3-B72D-47B6-A68D-7590B98EB39B}
		{C2D05EB9-D21A-407E-8C9C-4B1C7DA6748D} = {827E0CD3-B72D-47B6-A68D-7590B98EB39B}
		{A657FE31-8AA9-4E32-86D8-ABA2D61C8793} = {827E0CD3-B72D-47B6-A68D-7590B98EB39B}
		{86817072-5E13-4BC6-96F8-6143EF5CFB45} = {827E0CD3-B72D-47B6-A68D-7590B98EB39B}
		{6862064B-40F2-45E6-911F-4225AF0FB37C} = {827E0CD3-B72D-47B6-A68D-7590B98EB39B}
		{AEC3C58A-9E06-4F02-96CE-56AB010F5E85} = {827E0CD3-B72D-47B6-A68D-7590B98EB39B}
	EndGlobalSection
	GlobalSection(ExtensibilityGlobals) = postSolution
		SolutionGuid = {90227169-7A8E-48BF-A9DF-1037B54F7DE8}
	EndGlobalSection
EndGlobal
